
Microsoft Visual Studio Solution File, Format Version 12.00
# Visual Studio Version 17
VisualStudioVersion = 17.3.32922.545
MinimumVisualStudioVersion = 10.0.40219.1
Project("{FAE04EC0-301F-11D3-BF4B-00C04F79EFBC}") = "lab2", "lab2\lab2.csproj", "{C96B8784-079D-4386-B39E-1CDF60E0B292}"
EndProject
Global
	GlobalSection(SolutionConfigurationPlatforms) = preSolution
		Debug|Any CPU = Debug|Any CPU
		Release|Any CPU = Release|Any CPU
	EndGlobalSection
	GlobalSection(ProjectConfigurationPlatforms) = postSolution
		{C96B8784-079D-4386-B39E-1CDF60E0B292}.Debug|Any CPU.ActiveCfg = Debug|Any CPU
		{C96B8784-079D-4386-B39E-1CDF60E0B292}.Debug|Any CPU.Build.0 = Debug|Any CPU
		{C96B8784-079D-4386-B39E-1CDF60E0B292}.Release|Any CPU.ActiveCfg = Release|Any CPU
		{C96B8784-079D-4386-B39E-1CDF60E0B292}.Release|Any CPU.Build.0 = Release|Any CPU
	EndGlobalSection
	GlobalSection(SolutionProperties) = preSolution
		HideSolutionNode = FALSE
	EndGlobalSection
	GlobalSection(ExtensibilityGlobals) = postSolution
		SolutionGuid = {AA9F56B1-0CC4-4BAD-A04B-BF42E27ABBF0}
	EndGlobalSection
EndGlobal
